<Solution>
  <Folder Name="/Solution Items/">
    <File Path="../README.md" />
  </Folder>
  <Project Path="WebNet.PostgresEmbed.Tests/WebNet.PostgresEmbed.Tests.csproj">
    <BuildType Project="Debug" />
    <Build Project="false" />
  </Project>
  <Project Path="WebNet.PostgresEmbed/WebNet.PostgresEmbed.csproj">
    <BuildType Project="Release" />
  </Project>
</Solution>
